
Microsoft Visual Studio Solution File, Format Version 12.00
# Visual Studio Version 17
VisualStudioVersion = 17.14.36414.22 d17.14
MinimumVisualStudioVersion = 10.0.40219.1
Project("{FAE04EC0-301F-11D3-BF4B-00C04F79EFBC}") = "ProyectCalculadora", "ProyectCalculadora.csproj", "{ACD19AC8-4EE7-4AE7-8F0B-77CAFED1D062}"
EndProject
Global
	GlobalSection(SolutionConfigurationPlatforms) = preSolution
		Debug|Any CPU = Debug|Any CPU
		Release|Any CPU = Release|Any CPU
	EndGlobalSection
	GlobalSection(ProjectConfigurationPlatforms) = postSolution
		{ACD19AC8-4EE7-4AE7-8F0B-77CAFED1D062}.Debug|Any CPU.ActiveCfg = Debug|Any CPU
		{ACD19AC8-4EE7-4AE7-8F0B-77CAFED1D062}.Debug|Any CPU.Build.0 = Debug|Any CPU
		{ACD19AC8-4EE7-4AE7-8F0B-77CAFED1D062}.Release|Any CPU.ActiveCfg = Release|Any CPU
		{ACD19AC8-4EE7-4AE7-8F0B-77CAFED1D062}.Release|Any CPU.Build.0 = Release|Any CPU
	EndGlobalSection
	GlobalSection(SolutionProperties) = preSolution
		HideSolutionNode = FALSE
	EndGlobalSection
	GlobalSection(ExtensibilityGlobals) = postSolution
		SolutionGuid = {F2AFF799-42FC-40C2-BBFC-896C6C32979D}
	EndGlobalSection
EndGlobal
